
Microsoft Visual Studio Solution File, Format Version 12.00
# Visual Studio Version 17
VisualStudioVersion = 17.3.32825.248
MinimumVisualStudioVersion = 10.0.40219.1
Project("{FAE04EC0-301F-11D3-BF4B-00C04F79EFBC}") = "generateur_de_mot_de_passe", "generateur_de_mot_de_passe\generateur_de_mot_de_passe.csproj", "{3BC73C52-8C49-4223-ADD1-755703A588AA}"
EndProject
Global
	GlobalSection(SolutionConfigurationPlatforms) = preSolution
		Debug|Any CPU = Debug|Any CPU
		Release|Any CPU = Release|Any CPU
	EndGlobalSection
	GlobalSection(ProjectConfigurationPlatforms) = postSolution
		{3BC73C52-8C49-4223-ADD1-755703A588AA}.Debug|Any CPU.ActiveCfg = Debug|Any CPU
		{3BC73C52-8C49-4223-ADD1-755703A588AA}.Debug|Any CPU.Build.0 = Debug|Any CPU
		{3BC73C52-8C49-4223-ADD1-755703A588AA}.Release|Any CPU.ActiveCfg = Release|Any CPU
		{3BC73C52-8C49-4223-ADD1-755703A588AA}.Release|Any CPU.Build.0 = Release|Any CPU
	EndGlobalSection
	GlobalSection(SolutionProperties) = preSolution
		HideSolutionNode = FALSE
	EndGlobalSection
	GlobalSection(ExtensibilityGlobals) = postSolution
		SolutionGuid = {EBC2A2EC-A68E-4623-935F-AFBCB394EDBB}
	EndGlobalSection
EndGlobal
